
Microsoft Visual Studio Solution File, Format Version 12.00
# Visual Studio Version 17
VisualStudioVersion = 17.3.32901.215
MinimumVisualStudioVersion = 10.0.40219.1
Project("{9A19103F-16F7-4668-BE54-9A1E7A4F7556}") = "Api6775", "Api6775\Api6775.csproj", "{1C674DBA-1F4E-4974-8A54-B489C66BE5E0}"
EndProject
Global
	GlobalSection(SolutionConfigurationPlatforms) = preSolution
		Debug|Any CPU = Debug|Any CPU
		Release|Any CPU = Release|Any CPU
	EndGlobalSection
	GlobalSection(ProjectConfigurationPlatforms) = postSolution
		{1C674DBA-1F4E-4974-8A54-B489C66BE5E0}.Debug|Any CPU.ActiveCfg = Debug|Any CPU
		{1C674DBA-1F4E-4974-8A54-B489C66BE5E0}.Debug|Any CPU.Build.0 = Debug|Any CPU
		{1C674DBA-1F4E-4974-8A54-B489C66BE5E0}.Release|Any CPU.ActiveCfg = Release|Any CPU
		{1C674DBA-1F4E-4974-8A54-B489C66BE5E0}.Release|Any CPU.Build.0 = Release|Any CPU
	EndGlobalSection
	GlobalSection(SolutionProperties) = preSolution
		HideSolutionNode = FALSE
	EndGlobalSection
	GlobalSection(ExtensibilityGlobals) = postSolution
		SolutionGuid = {F3B275AD-E4E5-4A2B-8CA5-423317BDD62F}
	EndGlobalSection
EndGlobal
